// !$*UTF8*$!
{
	archiveVersion = 1;
	classes = {
	};
	objectVersion = 50;
	objects = {

/* Begin PBXBuildFile section */
		1C0B80752550796B0013AE11 /* abeezee in Resources */ = {isa = PBXBuildFile; fileRef = 1C0B80742550796B0013AE11 /* abeezee */; };
		1C260D2425472F6400F0EEA2 /* AppDelegate.swift in Sources */ = {isa = PBXBuildFile; fileRef = 1C260D2325472F6400F0EEA2 /* AppDelegate.swift */; };
		1C260D2625472F6400F0EEA2 /* SceneDelegate.swift in Sources */ = {isa = PBXBuildFile; fileRef = 1C260D2525472F6400F0EEA2 /* SceneDelegate.swift */; };
		1C260D2825472F6400F0EEA2 /* SignUpViewController.swift in Sources */ = {isa = PBXBuildFile; fileRef = 1C260D2725472F6400F0EEA2 /* SignUpViewController.swift */; };
		1C260D2B25472F6400F0EEA2 /* Main.storyboard in Resources */ = {isa = PBXBuildFile; fileRef = 1C260D2925472F6400F0EEA2 /* Main.storyboard */; };
		1C260D2D25472F6C00F0EEA2 /* Assets.xcassets in Resources */ = {isa = PBXBuildFile; fileRef = 1C260D2C25472F6C00F0EEA2 /* Assets.xcassets */; };
		1C260D3025472F6C00F0EEA2 /* LaunchScreen.storyboard in Resources */ = {isa = PBXBuildFile; fileRef = 1C260D2E25472F6C00F0EEA2 /* LaunchScreen.storyboard */; };
		1C455157258D259B000B75F5 /* GoogleService-Info.plist in Resources */ = {isa = PBXBuildFile; fileRef = 1C455156258D259B000B75F5 /* GoogleService-Info.plist */; };
		1C45515925A38385000B75F5 /* LoginViewController.swift in Sources */ = {isa = PBXBuildFile; fileRef = 1C45515825A38385000B75F5 /* LoginViewController.swift */; };
		1C45515B25A384AE000B75F5 /* WelcomeViewController.swift in Sources */ = {isa = PBXBuildFile; fileRef = 1C45515A25A384AE000B75F5 /* WelcomeViewController.swift */; };
		1C45515D25A41F43000B75F5 /* MenuViewController.swift in Sources */ = {isa = PBXBuildFile; fileRef = 1C45515C25A41F43000B75F5 /* MenuViewController.swift */; };
		406A6ADAA49C0577F2A69E43 /* libPods-PrepCore.a in Frameworks */ = {isa = PBXBuildFile; fileRef = 959D01BDD5A80EC0CFDA5004 /* libPods-PrepCore.a */; };
/* End PBXBuildFile section */

/* Begin PBXFileReference section */
		182E674C2A710353B814D70F /* Pods-PrepCore.debug.xcconfig */ = {isa = PBXFileReference; includeInIndex = 1; lastKnownFileType = text.xcconfig; name = "Pods-PrepCore.debug.xcconfig"; path = "Target Support Files/Pods-PrepCore/Pods-PrepCore.debug.xcconfig"; sourceTree = "<group>"; };
		1C0B80742550796B0013AE11 /* abeezee */ = {isa = PBXFileReference; lastKnownFileType = folder; name = abeezee; path = ../../../../Downloads/abeezee; sourceTree = "<group>"; };
		1C260D2025472F6400F0EEA2 /* PrepCore.app */ = {isa = PBXFileReference; explicitFileType = wrapper.application; includeInIndex = 0; path = PrepCore.app; sourceTree = BUILT_PRODUCTS_DIR; };
		1C260D2325472F6400F0EEA2 /* AppDelegate.swift */ = {isa = PBXFileReference; lastKnownFileType = sourcecode.swift; path = AppDelegate.swift; sourceTree = "<group>"; };
		1C260D2525472F6400F0EEA2 /* SceneDelegate.swift */ = {isa = PBXFileReference; lastKnownFileType = sourcecode.swift; path = SceneDelegate.swift; sourceTree = "<group>"; };
		1C260D2725472F6400F0EEA2 /* SignUpViewController.swift */ = {isa = PBXFileReference; lastKnownFileType = sourcecode.swift; path = SignUpViewController.swift; sourceTree = "<group>"; };
		1C260D2A25472F6400F0EEA2 /* Base */ = {isa = PBXFileReference; lastKnownFileType = file.storyboard; name = Base; path = Base.lproj/Main.storyboard; sourceTree = "<group>"; };
		1C260D2C25472F6C00F0EEA2 /* Assets.xcassets */ = {isa = PBXFileReference; lastKnownFileType = folder.assetcatalog; path = Assets.xcassets; sourceTree = "<group>"; };
		1C260D2F25472F6C00F0EEA2 /* Base */ = {isa = PBXFileReference; lastKnownFileType = file.storyboard; name = Base; path = Base.lproj/LaunchScreen.storyboard; sourceTree = "<group>"; };
		1C260D3125472F6C00F0EEA2 /* Info.plist */ = {isa = PBXFileReference; lastKnownFileType = text.plist.xml; path = Info.plist; sourceTree = "<group>"; };
		1C455156258D259B000B75F5 /* GoogleService-Info.plist */ = {isa = PBXFileReference; fileEncoding = 4; lastKnownFileType = text.plist.xml; path = "GoogleService-Info.plist"; sourceTree = "<group>"; };
		1C45515825A38385000B75F5 /* LoginViewController.swift */ = {isa = PBXFileReference; lastKnownFileType = sourcecode.swift; path = LoginViewController.swift; sourceTree = "<group>"; };
		1C45515A25A384AE000B75F5 /* WelcomeViewController.swift */ = {isa = PBXFileReference; lastKnownFileType = sourcecode.swift; path = WelcomeViewController.swift; sourceTree = "<group>"; };
		1C45515C25A41F43000B75F5 /* MenuViewController.swift */ = {isa = PBXFileReference; lastKnownFileType = sourcecode.swift; path = MenuViewController.swift; sourceTree = "<group>"; };
		959D01BDD5A80EC0CFDA5004 /* libPods-PrepCore.a */ = {isa = PBXFileReference; explicitFileType = archive.ar; includeInIndex = 0; path = "libPods-PrepCore.a"; sourceTree = BUILT_PRODUCTS_DIR; };
		E48E1F5A9791CF686AD59818 /* Pods-PrepCore.release.xcconfig */ = {isa = PBXFileReference; includeInIndex = 1; lastKnownFileType = text.xcconfig; name = "Pods-PrepCore.release.xcconfig"; path = "Target Support Files/Pods-PrepCore/Pods-PrepCore.release.xcconfig"; sourceTree = "<group>"; };
/* End PBXFileReference section */

/* Begin PBXFrameworksBuildPhase section */
		1C260D1D25472F6400F0EEA2 /* Frameworks */ = {
			isa = PBXFrameworksBuildPhase;
			buildActionMask = 2147483647;
			files = (
				406A6ADAA49C0577F2A69E43 /* libPods-PrepCore.a in Frameworks */,
			);
			runOnlyForDeploymentPostprocessing = 0;
		};
/* End PBXFrameworksBuildPhase section */

/* Begin PBXGroup section */
		1C260D1725472F6400F0EEA2 = {
			isa = PBXGroup;
			children = (
				1C260D2225472F6400F0EEA2 /* PrepCore */,
				1C260D2125472F6400F0EEA2 /* Products */,
				2C7FD627B10FAA9D28800CE7 /* Pods */,
				D30F7DC022AA7422C803E08F /* Frameworks */,
			);
			sourceTree = "<group>";
		};
		1C260D2125472F6400F0EEA2 /* Products */ = {
			isa = PBXGroup;
			children = (
				1C260D2025472F6400F0EEA2 /* PrepCore.app */,
			);
			name = Products;
			sourceTree = "<group>";
		};
		1C260D2225472F6400F0EEA2 /* PrepCore */ = {
			isa = PBXGroup;
			children = (
				1C0B80742550796B0013AE11 /* abeezee */,
				1C260D2325472F6400F0EEA2 /* AppDelegate.swift */,
				1C260D2525472F6400F0EEA2 /* SceneDelegate.swift */,
				1C260D2725472F6400F0EEA2 /* SignUpViewController.swift */,
				1C260D2925472F6400F0EEA2 /* Main.storyboard */,
				1C45515C25A41F43000B75F5 /* MenuViewController.swift */,
				1C45515A25A384AE000B75F5 /* WelcomeViewController.swift */,
				1C45515825A38385000B75F5 /* LoginViewController.swift */,
				1C260D2C25472F6C00F0EEA2 /* Assets.xcassets */,
				1C260D2E25472F6C00F0EEA2 /* LaunchScreen.storyboard */,
				1C455156258D259B000B75F5 /* GoogleService-Info.plist */,
				1C260D3125472F6C00F0EEA2 /* Info.plist */,
			);
			path = PrepCore;
			sourceTree = "<group>";
		};
		2C7FD627B10FAA9D28800CE7 /* Pods */ = {
			isa = PBXGroup;
			children = (
				182E674C2A710353B814D70F /* Pods-PrepCore.debug.xcconfig */,
				E48E1F5A9791CF686AD59818 /* Pods-PrepCore.release.xcconfig */,
			);
			path = Pods;
			sourceTree = "<group>";
		};
		D30F7DC022AA7422C803E08F /* Frameworks */ = {
			isa = PBXGroup;
			children = (
				959D01BDD5A80EC0CFDA5004 /* libPods-PrepCore.a */,
			);
			name = Frameworks;
			sourceTree = "<group>";
		};
/* End PBXGroup section */

/* Begin PBXNativeTarget section */
		1C260D1F25472F6400F0EEA2 /* PrepCore */ = {
			isa = PBXNativeTarget;
			buildConfigurationList = 1C260D3425472F6C00F0EEA2 /* Build configuration list for PBXNativeTarget "PrepCore" */;
			buildPhases = (
				FA8951138968710409389EF3 /* [CP] Check Pods Manifest.lock */,
				1C260D1C25472F6400F0EEA2 /* Sources */,
				1C260D1D25472F6400F0EEA2 /* Frameworks */,
				1C260D1E25472F6400F0EEA2 /* Resources */,
			);
			buildRules = (
			);
			dependencies = (
			);
			name = PrepCore;
			productName = PrepCore;
			productReference = 1C260D2025472F6400F0EEA2 /* PrepCore.app */;
			productType = "com.apple.product-type.application";
		};
/* End PBXNativeTarget section */

/* Begin PBXProject section */
		1C260D1825472F6400F0EEA2 /* Project object */ = {
			isa = PBXProject;
			attributes = {
				LastSwiftUpdateCheck = 1150;
				LastUpgradeCheck = 1150;
				ORGANIZATIONNAME = "Sultan Zhanseit";
				TargetAttributes = {
					1C260D1F25472F6400F0EEA2 = {
						CreatedOnToolsVersion = 11.5;
					};
				};
			};
			buildConfigurationList = 1C260D1B25472F6400F0EEA2 /* Build configuration list for PBXProject "PrepCore" */;
			compatibilityVersion = "Xcode 9.3";
			developmentRegion = en;
			hasScannedForEncodings = 0;
			knownRegions = (
				en,
				Base,
			);
			mainGroup = 1C260D1725472F6400F0EEA2;
			productRefGroup = 1C260D2125472F6400F0EEA2 /* Products */;
			projectDirPath = "";
			projectRoot = "";
			targets = (
				1C260D1F25472F6400F0EEA2 /* PrepCore */,
			);
		};
/* End PBXProject section */

/* Begin PBXResourcesBuildPhase section */
		1C260D1E25472F6400F0EEA2 /* Resources */ = {
			isa = PBXResourcesBuildPhase;
			buildActionMask = 2147483647;
			files = (
				1C0B80752550796B0013AE11 /* abeezee in Resources */,
				1C260D3025472F6C00F0EEA2 /* LaunchScreen.storyboard in Resources */,
				1C455157258D259B000B75F5 /* GoogleService-Info.plist in Resources */,
				1C260D2D25472F6C00F0EEA2 /* Assets.xcassets in Resources */,
				1C260D2B25472F6400F0EEA2 /* Main.storyboard in Resources */,
			);
			runOnlyForDeploymentPostprocessing = 0;
		};
/* End PBXResourcesBuildPhase section */

/* Begin PBXShellScriptBuildPhase section */
		FA8951138968710409389EF3 /* [CP] Check Pods Manifest.lock */ = {
			isa = PBXShellScriptBuildPhase;
			buildActionMask = 2147483647;
			files = (
			);
			inputFileListPaths = (
			);
			inputPaths = (
				"${PODS_PODFILE_DIR_PATH}/Podfile.lock",
				"${PODS_ROOT}/Manifest.lock",
			);
			name = "[CP] Check Pods Manifest.lock";
			outputFileListPaths = (
			);
			outputPaths = (
				"$(DERIVED_FILE_DIR)/Pods-PrepCore-checkManifestLockResult.txt",
			);
			runOnlyForDeploymentPostprocessing = 0;
			shellPath = /bin/sh;
			shellScript = "diff \"${PODS_PODFILE_DIR_PATH}/Podfile.lock\" \"${PODS_ROOT}/Manifest.lock\" > /dev/null\nif [ $? != 0 ] ; then\n    # print error to STDERR\n    echo \"error: The sandbox is not in sync with the Podfile.lock. Run 'pod install' or update your CocoaPods installation.\" >&2\n    exit 1\nfi\n# This output is used by Xcode 'outputs' to avoid re-running this script phase.\necho \"SUCCESS\" > \"${SCRIPT_OUTPUT_FILE_0}\"\n";
			showEnvVarsInLog = 0;
		};
/* End PBXShellScriptBuildPhase section */

/* Begin PBXSourcesBuildPhase section */
		1C260D1C25472F6400F0EEA2 /* Sources */ = {
			isa = PBXSourcesBuildPhase;
			buildActionMask = 2147483647;
			files = (
				1C45515925A38385000B75F5 /* LoginViewController.swift in Sources */,
				1C45515D25A41F43000B75F5 /* MenuViewController.swift in Sources */,
				1C45515B25A384AE000B75F5 /* WelcomeViewController.swift in Sources */,
				1C260D2825472F6400F0EEA2 /* SignUpViewController.swift in Sources */,
				1C260D2425472F6400F0EEA2 /* AppDelegate.swift in Sources */,
				1C260D2625472F6400F0EEA2 /* SceneDelegate.swift in Sources */,
			);
			runOnlyForDeploymentPostprocessing = 0;
		};
/* End PBXSourcesBuildPhase section */

/* Begin PBXVariantGroup section */
		1C260D2925472F6400F0EEA2 /* Main.storyboard */ = {
			isa = PBXVariantGroup;
			children = (
				1C260D2A25472F6400F0EEA2 /* Base */,
			);
			name = Main.storyboard;
			sourceTree = "<group>";
		};
		1C260D2E25472F6C00F0EEA2 /* LaunchScreen.storyboard */ = {
			isa = PBXVariantGroup;
			children = (
				1C260D2F25472F6C00F0EEA2 /* Base */,
			);
			name = LaunchScreen.storyboard;
			sourceTree = "<group>";
		};
/* End PBXVariantGroup section */

/* Begin XCBuildConfiguration section */
		1C260D3225472F6C00F0EEA2 /* Debug */ = {
			isa = XCBuildConfiguration;
			buildSettings = {
				ALWAYS_SEARCH_USER_PATHS = NO;
				CLANG_ANALYZER_NONNULL = YES;
				CLANG_ANALYZER_NUMBER_OBJECT_CONVERSION = YES_AGGRESSIVE;
				CLANG_CXX_LANGUAGE_STANDARD = "gnu++14";
				CLANG_CXX_LIBRARY = "libc++";
				CLANG_ENABLE_MODULES = YES;
				CLANG_ENABLE_OBJC_ARC = YES;
				CLANG_ENABLE_OBJC_WEAK = YES;
				CLANG_WARN_BLOCK_CAPTURE_AUTORELEASING = YES;
				CLANG_WARN_BOOL_CONVERSION = YES;
				CLANG_WARN_COMMA = YES;
				CLANG_WARN_CONSTANT_CONVERSION = YES;
				CLANG_WARN_DEPRECATED_OBJC_IMPLEMENTATIONS = YES;
				CLANG_WARN_DIRECT_OBJC_ISA_USAGE = YES_ERROR;
				CLANG_WARN_DOCUMENTATION_COMMENTS = YES;
				CLANG_WARN_EMPTY_BODY = YES;
				CLANG_WARN_ENUM_CONVERSION = YES;
				CLANG_WARN_INFINITE_RECURSION = YES;
				CLANG_WARN_INT_CONVERSION = YES;
				CLANG_WARN_NON_LITERAL_NULL_CONVERSION = YES;
				CLANG_WARN_OBJC_IMPLICIT_RETAIN_SELF = YES;
				CLANG_WARN_OBJC_LITERAL_CONVERSION = YES;
				CLANG_WARN_OBJC_ROOT_CLASS = YES_ERROR;
				CLANG_WARN_RANGE_LOOP_ANALYSIS = YES;
				CLANG_WARN_STRICT_PROTOTYPES = YES;
				CLANG_WARN_SUSPICIOUS_MOVE = YES;
				CLANG_WARN_UNGUARDED_AVAILABILITY = YES_AGGRESSIVE;
				CLANG_WARN_UNREACHABLE_CODE = YES;
				CLANG_WARN__DUPLICATE_METHOD_MATCH = YES;
				COPY_PHASE_STRIP = NO;
				DEBUG_INFORMATION_FORMAT = dwarf;
				ENABLE_STRICT_OBJC_MSGSEND = YES;
				ENABLE_TESTABILITY = YES;
				GCC_C_LANGUAGE_STANDARD = gnu11;
				GCC_DYNAMIC_NO_PIC = NO;
				GCC_NO_COMMON_BLOCKS = YES;
				GCC_OPTIMIZATION_LEVEL = 0;
				GCC_PREPROCESSOR_DEFINITIONS = (
					"DEBUG=1",
					"$(inherited)",
				);
				GCC_WARN_64_TO_32_BIT_CONVERSION = YES;
				GCC_WARN_ABOUT_RETURN_TYPE = YES_ERROR;
				GCC_WARN_UNDECLARED_SELECTOR = YES;
				GCC_WARN_UNINITIALIZED_AUTOS = YES_AGGRESSIVE;
				GCC_WARN_UNUSED_FUNCTION = YES;
				GCC_WARN_UNUSED_VARIABLE = YES;
				IPHONEOS_DEPLOYMENT_TARGET = 13.5;
				MTL_ENABLE_DEBUG_INFO = INCLUDE_SOURCE;
				MTL_FAST_MATH = YES;
				ONLY_ACTIVE_ARCH = YES;
				SDKROOT = iphoneos;
				SWIFT_ACTIVE_COMPILATION_CONDITIONS = DEBUG;
				SWIFT_OPTIMIZATION_LEVEL = "-Onone";
			};
			name = Debug;
		};
		1C260D3325472F6C00F0EEA2 /* Release */ = {
			isa = XCBuildConfiguration;
			buildSettings = {
				ALWAYS_SEARCH_USER_PATHS = NO;
				CLANG_ANALYZER_NONNULL = YES;
				CLANG_ANALYZER_NUMBER_OBJECT_CONVERSION = YES_AGGRESSIVE;
				CLANG_CXX_LANGUAGE_STANDARD = "gnu++14";
				CLANG_CXX_LIBRARY = "libc++";
				CLANG_ENABLE_MODULES = YES;
				CLANG_ENABLE_OBJC_ARC = YES;
				CLANG_ENABLE_OBJC_WEAK = YES;
				CLANG_WARN_BLOCK_CAPTURE_AUTORELEASING = YES;
				CLANG_WARN_BOOL_CONVERSION = YES;
				CLANG_WARN_COMMA = YES;
				CLANG_WARN_CONSTANT_CONVERSION = YES;
				CLANG_WARN_DEPRECATED_OBJC_IMPLEMENTATIONS = YES;
				CLANG_WARN_DIRECT_OBJC_ISA_USAGE = YES_ERROR;
				CLANG_WARN_DOCUMENTATION_COMMENTS = YES;
				CLANG_WARN_EMPTY_BODY = YES;
				CLANG_WARN_ENUM_CONVERSION = YES;
				CLANG_WARN_INFINITE_RECURSION = YES;
				CLANG_WARN_INT_CONVERSION = YES;
				CLANG_WARN_NON_LITERAL_NULL_CONVERSION = YES;
				CLANG_WARN_OBJC_IMPLICIT_RETAIN_SELF = YES;
				CLANG_WARN_OBJC_LITERAL_CONVERSION = YES;
				CLANG_WARN_OBJC_ROOT_CLASS = YES_ERROR;
				CLANG_WARN_RANGE_LOOP_ANALYSIS = YES;
				CLANG_WARN_STRICT_PROTOTYPES = YES;
				CLANG_WARN_SUSPICIOUS_MOVE = YES;
				CLANG_WARN_UNGUARDED_AVAILABILITY = YES_AGGRESSIVE;
				CLANG_WARN_UNREACHABLE_CODE = YES;
				CLANG_WARN__DUPLICATE_METHOD_MATCH = YES;
				COPY_PHASE_STRIP = NO;
				DEBUG_INFORMATION_FORMAT = "dwarf-with-dsym";
				ENABLE_NS_ASSERTIONS = NO;
				ENABLE_STRICT_OBJC_MSGSEND = YES;
				GCC_C_LANGUAGE_STANDARD = gnu11;
				GCC_NO_COMMON_BLOCKS = YES;
				GCC_WARN_64_TO_32_BIT_CONVERSION = YES;
				GCC_WARN_ABOUT_RETURN_TYPE = YES_ERROR;
				GCC_WARN_UNDECLARED_SELECTOR = YES;
				GCC_WARN_UNINITIALIZED_AUTOS = YES_AGGRESSIVE;
				GCC_WARN_UNUSED_FUNCTION = YES;
				GCC_WARN_UNUSED_VARIABLE = YES;
				IPHONEOS_DEPLOYMENT_TARGET = 13.5;
				MTL_ENABLE_DEBUG_INFO = NO;
				MTL_FAST_MATH = YES;
				SDKROOT = iphoneos;
				SWIFT_COMPILATION_MODE = wholemodule;
				SWIFT_OPTIMIZATION_LEVEL = "-O";
				VALIDATE_PRODUCT = YES;
			};
			name = Release;
		};
		1C260D3525472F6C00F0EEA2 /* Debug */ = {
			isa = XCBuildConfiguration;
			baseConfigurationReference = 182E674C2A710353B814D70F /* Pods-PrepCore.debug.xcconfig */;
			buildSettings = {
				ASSETCATALOG_COMPILER_APPICON_NAME = AppIcon;
				CODE_SIGN_STYLE = Automatic;
				INFOPLIST_FILE = PrepCore/Info.plist;
				LD_RUNPATH_SEARCH_PATHS = (
					"$(inherited)",
					"@executable_path/Frameworks",
				);
				PRODUCT_BUNDLE_IDENTIFIER = com.sultanzh.PrepCore;
				PRODUCT_NAME = "$(TARGET_NAME)";
				SWIFT_VERSION = 5.0;
				TARGETED_DEVICE_FAMILY = "1,2";
			};
			name = Debug;
		};
		1C260D3625472F6C00F0EEA2 /* Release */ = {
			isa = XCBuildConfiguration;
			baseConfigurationReference = E48E1F5A9791CF686AD59818 /* Pods-PrepCore.release.xcconfig */;
			buildSettings = {
				ASSETCATALOG_COMPILER_APPICON_NAME = AppIcon;
				CODE_SIGN_STYLE = Automatic;
				INFOPLIST_FILE = PrepCore/Info.plist;
				LD_RUNPATH_SEARCH_PATHS = (
					"$(inherited)",
					"@executable_path/Frameworks",
				);
				PRODUCT_BUNDLE_IDENTIFIER = com.sultanzh.PrepCore;
				PRODUCT_NAME = "$(TARGET_NAME)";
				SWIFT_VERSION = 5.0;
				TARGETED_DEVICE_FAMILY = "1,2";
			};
			name = Release;
		};
/* End XCBuildConfiguration section */

/* Begin XCConfigurationList section */
		1C260D1B25472F6400F0EEA2 /* Build configuration list for PBXProject "PrepCore" */ = {
			isa = XCConfigurationList;
			buildConfigurations = (
				1C260D3225472F6C00F0EEA2 /* Debug */,
				1C260D3325472F6C00F0EEA2 /* Release */,
			);
			defaultConfigurationIsVisible = 0;
			defaultConfigurationName = Release;
		};
		1C260D3425472F6C00F0EEA2 /* Build configuration list for PBXNativeTarget "PrepCore" */ = {
			isa = XCConfigurationList;
			buildConfigurations = (
				1C260D3525472F6C00F0EEA2 /* Debug */,
				1C260D3625472F6C00F0EEA2 /* Release */,
			);
			defaultConfigurationIsVisible = 0;
			defaultConfigurationName = Release;
		};
/* End XCConfigurationList section */
	};
	rootObject = 1C260D1825472F6400F0EEA2 /* Project object */;
}
